
Microsoft Visual Studio Solution File, Format Version 12.00
# Visual Studio 15
VisualStudioVersion = 15.0.27703.2026
MinimumVisualStudioVersion = 10.0.40219.1
Project("{9A19103F-16F7-4668-BE54-9A1E7A4F7556}") = "ModernStore.Domain", "ModernStore.Domain\ModernStore.Domain.csproj", "{048B2673-FB5D-48FA-9C1D-E0E7A58A3747}"
EndProject
Project("{9A19103F-16F7-4668-BE54-9A1E7A4F7556}") = "ModernStore.Shared", "ModernStore.Shared\ModernStore.Shared.csproj", "{6D9C6C8A-6943-46D8-85E2-32F42E48CCDE}"
EndProject
Project("{FAE04EC0-301F-11D3-BF4B-00C04F79EFBC}") = "ModernStore.Domain.Tests", "ModernStore.Domain.Tests\ModernStore.Domain.Tests.csproj", "{E47F81DD-1DEA-4A35-A489-BE7A973C73AE}"
EndProject
Project("{FAE04EC0-301F-11D3-BF4B-00C04F79EFBC}") = "ModernStore.Infra", "ModernStore.Infra\ModernStore.Infra.csproj", "{AC2E168A-10B1-4EFF-9D1C-9D5B56153DD4}"
EndProject
Project("{2150E333-8FDC-42A3-9474-1A3956D46DE8}") = "Apresentação", "Apresentação", "{25299DDE-26FE-443C-8EED-5DE76155A8B2}"
EndProject
Project("{2150E333-8FDC-42A3-9474-1A3956D46DE8}") = "Contextos", "Contextos", "{B07BE0E5-CE31-4596-B33E-EF4606DE4445}"
EndProject
Project("{2150E333-8FDC-42A3-9474-1A3956D46DE8}") = "Recursos Compartilhados", "Recursos Compartilhados", "{538A4DC3-1749-4704-89A4-1850622B2C4E}"
EndProject
Project("{FAE04EC0-301F-11D3-BF4B-00C04F79EFBC}") = "ModernStore.Api", "ModernStore.Api\ModernStore.Api.csproj", "{F9E4154F-3F36-4BC5-9E46-750A661A5F9D}"
EndProject
Global
	GlobalSection(SolutionConfigurationPlatforms) = preSolution
		Debug|Any CPU = Debug|Any CPU
		Release|Any CPU = Release|Any CPU
	EndGlobalSection
	GlobalSection(ProjectConfigurationPlatforms) = postSolution
		{048B2673-FB5D-48FA-9C1D-E0E7A58A3747}.Debug|Any CPU.ActiveCfg = Debug|Any CPU
		{048B2673-FB5D-48FA-9C1D-E0E7A58A3747}.Debug|Any CPU.Build.0 = Debug|Any CPU
		{048B2673-FB5D-48FA-9C1D-E0E7A58A3747}.Release|Any CPU.ActiveCfg = Release|Any CPU
		{048B2673-FB5D-48FA-9C1D-E0E7A58A3747}.Release|Any CPU.Build.0 = Release|Any CPU
		{6D9C6C8A-6943-46D8-85E2-32F42E48CCDE}.Debug|Any CPU.ActiveCfg = Debug|Any CPU
		{6D9C6C8A-6943-46D8-85E2-32F42E48CCDE}.Debug|Any CPU.Build.0 = Debug|Any CPU
		{6D9C6C8A-6943-46D8-85E2-32F42E48CCDE}.Release|Any CPU.ActiveCfg = Release|Any CPU
		{6D9C6C8A-6943-46D8-85E2-32F42E48CCDE}.Release|Any CPU.Build.0 = Release|Any CPU
		{E47F81DD-1DEA-4A35-A489-BE7A973C73AE}.Debug|Any CPU.ActiveCfg = Debug|Any CPU
		{E47F81DD-1DEA-4A35-A489-BE7A973C73AE}.Debug|Any CPU.Build.0 = Debug|Any CPU
		{E47F81DD-1DEA-4A35-A489-BE7A973C73AE}.Release|Any CPU.ActiveCfg = Release|Any CPU
		{E47F81DD-1DEA-4A35-A489-BE7A973C73AE}.Release|Any CPU.Build.0 = Release|Any CPU
		{AC2E168A-10B1-4EFF-9D1C-9D5B56153DD4}.Debug|Any CPU.ActiveCfg = Debug|Any CPU
		{AC2E168A-10B1-4EFF-9D1C-9D5B56153DD4}.Debug|Any CPU.Build.0 = Debug|Any CPU
		{AC2E168A-10B1-4EFF-9D1C-9D5B56153DD4}.Release|Any CPU.ActiveCfg = Release|Any CPU
		{AC2E168A-10B1-4EFF-9D1C-9D5B56153DD4}.Release|Any CPU.Build.0 = Release|Any CPU
		{F9E4154F-3F36-4BC5-9E46-750A661A5F9D}.Debug|Any CPU.ActiveCfg = Debug|Any CPU
		{F9E4154F-3F36-4BC5-9E46-750A661A5F9D}.Debug|Any CPU.Build.0 = Debug|Any CPU
		{F9E4154F-3F36-4BC5-9E46-750A661A5F9D}.Release|Any CPU.ActiveCfg = Release|Any CPU
		{F9E4154F-3F36-4BC5-9E46-750A661A5F9D}.Release|Any CPU.Build.0 = Release|Any CPU
	EndGlobalSection
	GlobalSection(SolutionProperties) = preSolution
		HideSolutionNode = FALSE
	EndGlobalSection
	GlobalSection(NestedProjects) = preSolution
		{048B2673-FB5D-48FA-9C1D-E0E7A58A3747} = {B07BE0E5-CE31-4596-B33E-EF4606DE4445}
		{6D9C6C8A-6943-46D8-85E2-32F42E48CCDE} = {538A4DC3-1749-4704-89A4-1850622B2C4E}
		{E47F81DD-1DEA-4A35-A489-BE7A973C73AE} = {B07BE0E5-CE31-4596-B33E-EF4606DE4445}
		{AC2E168A-10B1-4EFF-9D1C-9D5B56153DD4} = {538A4DC3-1749-4704-89A4-1850622B2C4E}
		{F9E4154F-3F36-4BC5-9E46-750A661A5F9D} = {25299DDE-26FE-443C-8EED-5DE76155A8B2}
	EndGlobalSection
	GlobalSection(ExtensibilityGlobals) = postSolution
		SolutionGuid = {D0C8B2EB-4C01-4362-ABB1-532A3D31DC13}
	EndGlobalSection
EndGlobal
